
Microsoft Visual Studio Solution File, Format Version 12.00
# Visual Studio Version 17
VisualStudioVersion = 17.5.33516.290
MinimumVisualStudioVersion = 10.0.40219.1
Project("{FAE04EC0-301F-11D3-BF4B-00C04F79EFBC}") = "SecureCryptAPI", "SecureCryptAPI.csproj", "{01CBACDF-E1B4-435A-9AA4-42DE6DFFF262}"
EndProject
Global
	GlobalSection(SolutionConfigurationPlatforms) = preSolution
		Debug|Any CPU = Debug|Any CPU
		Release|Any CPU = Release|Any CPU
	EndGlobalSection
	GlobalSection(ProjectConfigurationPlatforms) = postSolution
		{01CBACDF-E1B4-435A-9AA4-42DE6DFFF262}.Debug|Any CPU.ActiveCfg = Debug|Any CPU
		{01CBACDF-E1B4-435A-9AA4-42DE6DFFF262}.Debug|Any CPU.Build.0 = Debug|Any CPU
		{01CBACDF-E1B4-435A-9AA4-42DE6DFFF262}.Release|Any CPU.ActiveCfg = Release|Any CPU
		{01CBACDF-E1B4-435A-9AA4-42DE6DFFF262}.Release|Any CPU.Build.0 = Release|Any CPU
	EndGlobalSection
	GlobalSection(SolutionProperties) = preSolution
		HideSolutionNode = FALSE
	EndGlobalSection
	GlobalSection(ExtensibilityGlobals) = postSolution
		SolutionGuid = {DD8D6797-D8CE-48A7-A5E6-D0A9013BDA70}
	EndGlobalSection
EndGlobal
